
Microsoft Visual Studio Solution File, Format Version 12.00
# Visual Studio Version 17
VisualStudioVersion = 17.5.33414.496
MinimumVisualStudioVersion = 10.0.40219.1
Project("{9A19103F-16F7-4668-BE54-9A1E7A4F7556}") = "kzModUtils", "kzModUtils\kzModUtils.csproj", "{F4707E56-2055-4E78-97C8-12BF7D9743F0}"
EndProject
Project("{2150E333-8FDC-42A3-9474-1A3956D46DE8}") = "Solution Items", "Solution Items", "{AE65D05F-9B39-4347-AA85-58EF120AC764}"
	ProjectSection(SolutionItems) = preProject
		.editorconfig = .editorconfig
	EndProjectSection
EndProject
Project("{9A19103F-16F7-4668-BE54-9A1E7A4F7556}") = "DumpMaster", "DumpMaster\DumpMaster.csproj", "{32A4BDEB-E397-4C4A-9054-8C4E155D563B}"
EndProject
Project("{9A19103F-16F7-4668-BE54-9A1E7A4F7556}") = "Fishbook", "Fishbook\Fishbook.csproj", "{525902B7-9BE0-4E03-8FF6-01CDAB31550C}"
EndProject
Project("{9A19103F-16F7-4668-BE54-9A1E7A4F7556}") = "EnhancementsAndTweaks", "EnhancementsAndTweaks\EnhancementsAndTweaks.csproj", "{D02FC14A-8605-42AC-B001-C9D0EE2E1593}"
EndProject
Global
	GlobalSection(SolutionConfigurationPlatforms) = preSolution
		Debug|Any CPU = Debug|Any CPU
		Release|Any CPU = Release|Any CPU
	EndGlobalSection
	GlobalSection(ProjectConfigurationPlatforms) = postSolution
		{F4707E56-2055-4E78-97C8-12BF7D9743F0}.Debug|Any CPU.ActiveCfg = Debug|Any CPU
		{F4707E56-2055-4E78-97C8-12BF7D9743F0}.Debug|Any CPU.Build.0 = Debug|Any CPU
		{F4707E56-2055-4E78-97C8-12BF7D9743F0}.Release|Any CPU.ActiveCfg = Release|Any CPU
		{F4707E56-2055-4E78-97C8-12BF7D9743F0}.Release|Any CPU.Build.0 = Release|Any CPU
		{32A4BDEB-E397-4C4A-9054-8C4E155D563B}.Debug|Any CPU.ActiveCfg = Debug|Any CPU
		{32A4BDEB-E397-4C4A-9054-8C4E155D563B}.Debug|Any CPU.Build.0 = Debug|Any CPU
		{32A4BDEB-E397-4C4A-9054-8C4E155D563B}.Release|Any CPU.ActiveCfg = Release|Any CPU
		{32A4BDEB-E397-4C4A-9054-8C4E155D563B}.Release|Any CPU.Build.0 = Release|Any CPU
		{525902B7-9BE0-4E03-8FF6-01CDAB31550C}.Debug|Any CPU.ActiveCfg = Debug|Any CPU
		{525902B7-9BE0-4E03-8FF6-01CDAB31550C}.Debug|Any CPU.Build.0 = Debug|Any CPU
		{525902B7-9BE0-4E03-8FF6-01CDAB31550C}.Release|Any CPU.ActiveCfg = Release|Any CPU
		{525902B7-9BE0-4E03-8FF6-01CDAB31550C}.Release|Any CPU.Build.0 = Release|Any CPU
		{D02FC14A-8605-42AC-B001-C9D0EE2E1593}.Debug|Any CPU.ActiveCfg = Debug|Any CPU
		{D02FC14A-8605-42AC-B001-C9D0EE2E1593}.Debug|Any CPU.Build.0 = Debug|Any CPU
		{D02FC14A-8605-42AC-B001-C9D0EE2E1593}.Release|Any CPU.ActiveCfg = Release|Any CPU
		{D02FC14A-8605-42AC-B001-C9D0EE2E1593}.Release|Any CPU.Build.0 = Release|Any CPU
	EndGlobalSection
	GlobalSection(SolutionProperties) = preSolution
		HideSolutionNode = FALSE
	EndGlobalSection
	GlobalSection(ExtensibilityGlobals) = postSolution
		SolutionGuid = {CF84EA40-5B13-40A4-B6B8-B0DE2EE568F4}
	EndGlobalSection
EndGlobal
